
Microsoft Visual Studio Solution File, Format Version 12.00
Project("{FAE04EC0-301F-11D3-BF4B-00C04F79EFBC}") = "AccountMicroservice", "AccountMicroservice\AccountMicroservice.csproj", "{68ACEB2A-040F-4F6B-81D1-6132F96FBC76}"
EndProject
Project("{FAE04EC0-301F-11D3-BF4B-00C04F79EFBC}") = "AccountMicroserviceTests", "AccountMicroserviceTests\AccountMicroserviceTests.csproj", "{AEB14A41-9CD4-47D4-BC8F-C4C166708E1B}"
EndProject
Global
	GlobalSection(SolutionConfigurationPlatforms) = preSolution
		Debug|Any CPU = Debug|Any CPU
		Release|Any CPU = Release|Any CPU
	EndGlobalSection
	GlobalSection(ProjectConfigurationPlatforms) = postSolution
		{68ACEB2A-040F-4F6B-81D1-6132F96FBC76}.Debug|Any CPU.ActiveCfg = Debug|Any CPU
		{68ACEB2A-040F-4F6B-81D1-6132F96FBC76}.Debug|Any CPU.Build.0 = Debug|Any CPU
		{68ACEB2A-040F-4F6B-81D1-6132F96FBC76}.Release|Any CPU.ActiveCfg = Release|Any CPU
		{68ACEB2A-040F-4F6B-81D1-6132F96FBC76}.Release|Any CPU.Build.0 = Release|Any CPU
		{AEB14A41-9CD4-47D4-BC8F-C4C166708E1B}.Debug|Any CPU.ActiveCfg = Debug|Any CPU
		{AEB14A41-9CD4-47D4-BC8F-C4C166708E1B}.Debug|Any CPU.Build.0 = Debug|Any CPU
		{AEB14A41-9CD4-47D4-BC8F-C4C166708E1B}.Release|Any CPU.ActiveCfg = Release|Any CPU
		{AEB14A41-9CD4-47D4-BC8F-C4C166708E1B}.Release|Any CPU.Build.0 = Release|Any CPU
	EndGlobalSection
EndGlobal
